// !$*UTF8*$!
{
	archiveVersion = 1;
	classes = {
	};
	objectVersion = 46;
	objects = {

/* Begin PBXBuildFile section */
		CF9599191B775AB8004F1F13 /* AllListDetailViewController.swift in Sources */ = {isa = PBXBuildFile; fileRef = CF9599181B775AB8004F1F13 /* AllListDetailViewController.swift */; };
		CF95991B1B7A4426004F1F13 /* DataModel.swift in Sources */ = {isa = PBXBuildFile; fileRef = CF95991A1B7A4426004F1F13 /* DataModel.swift */; };
		CF95991D1B7CE32D004F1F13 /* IconPickerViewController.swift in Sources */ = {isa = PBXBuildFile; fileRef = CF95991C1B7CE32D004F1F13 /* IconPickerViewController.swift */; };
		CFD8C7B71B1605C000D6D047 /* AllTodoListsViewController.swift in Sources */ = {isa = PBXBuildFile; fileRef = CFD8C7B61B1605C000D6D047 /* AllTodoListsViewController.swift */; };
		CFD8C7B91B16A33200D6D047 /* TodoList.swift in Sources */ = {isa = PBXBuildFile; fileRef = CFD8C7B81B16A33200D6D047 /* TodoList.swift */; };
		CFDC58BC1AFDADCC006D2D4F /* AppDelegate.swift in Sources */ = {isa = PBXBuildFile; fileRef = CFDC58BB1AFDADCC006D2D4F /* AppDelegate.swift */; };
		CFDC58BF1AFDADCC006D2D4F /* ETodoList.xcdatamodeld in Sources */ = {isa = PBXBuildFile; fileRef = CFDC58BD1AFDADCC006D2D4F /* ETodoList.xcdatamodeld */; };
		CFDC58C11AFDADCC006D2D4F /* ETodoListViewController.swift in Sources */ = {isa = PBXBuildFile; fileRef = CFDC58C01AFDADCC006D2D4F /* ETodoListViewController.swift */; };
		CFDC58C41AFDADCC006D2D4F /* Main.storyboard in Resources */ = {isa = PBXBuildFile; fileRef = CFDC58C21AFDADCC006D2D4F /* Main.storyboard */; };
		CFDC58C61AFDADCC006D2D4F /* Images.xcassets in Resources */ = {isa = PBXBuildFile; fileRef = CFDC58C51AFDADCC006D2D4F /* Images.xcassets */; };
		CFDC58C91AFDADCC006D2D4F /* LaunchScreen.xib in Resources */ = {isa = PBXBuildFile; fileRef = CFDC58C71AFDADCC006D2D4F /* LaunchScreen.xib */; };
		CFDC58D51AFDADCC006D2D4F /* ETodoListTests.swift in Sources */ = {isa = PBXBuildFile; fileRef = CFDC58D41AFDADCC006D2D4F /* ETodoListTests.swift */; };
		CFDC58E11AFEDF75006D2D4F /* TodoListItem.swift in Sources */ = {isa = PBXBuildFile; fileRef = CFDC58E01AFEDF75006D2D4F /* TodoListItem.swift */; };
		CFDC58E41AFF5EDF006D2D4F /* AddItemViewController.swift in Sources */ = {isa = PBXBuildFile; fileRef = CFDC58E31AFF5EDF006D2D4F /* AddItemViewController.swift */; };
/* End PBXBuildFile section */

/* Begin PBXContainerItemProxy section */
		CFDC58CF1AFDADCC006D2D4F /* PBXContainerItemProxy */ = {
			isa = PBXContainerItemProxy;
			containerPortal = CFDC58AE1AFDADCC006D2D4F /* Project object */;
			proxyType = 1;
			remoteGlobalIDString = CFDC58B51AFDADCC006D2D4F;
			remoteInfo = ETodoList;
		};
/* End PBXContainerItemProxy section */

/* Begin PBXFileReference section */
		CF9599181B775AB8004F1F13 /* AllListDetailViewController.swift */ = {isa = PBXFileReference; fileEncoding = 4; lastKnownFileType = sourcecode.swift; path = AllListDetailViewController.swift; sourceTree = "<group>"; };
		CF95991A1B7A4426004F1F13 /* DataModel.swift */ = {isa = PBXFileReference; fileEncoding = 4; lastKnownFileType = sourcecode.swift; path = DataModel.swift; sourceTree = "<group>"; };
		CF95991C1B7CE32D004F1F13 /* IconPickerViewController.swift */ = {isa = PBXFileReference; fileEncoding = 4; lastKnownFileType = sourcecode.swift; path = IconPickerViewController.swift; sourceTree = "<group>"; };
		CFD8C7B61B1605C000D6D047 /* AllTodoListsViewController.swift */ = {isa = PBXFileReference; fileEncoding = 4; lastKnownFileType = sourcecode.swift; path = AllTodoListsViewController.swift; sourceTree = "<group>"; };
		CFD8C7B81B16A33200D6D047 /* TodoList.swift */ = {isa = PBXFileReference; fileEncoding = 4; lastKnownFileType = sourcecode.swift; path = TodoList.swift; sourceTree = "<group>"; };
		CFDC58B61AFDADCC006D2D4F /* ETodoList.app */ = {isa = PBXFileReference; explicitFileType = wrapper.application; includeInIndex = 0; path = ETodoList.app; sourceTree = BUILT_PRODUCTS_DIR; };
		CFDC58BA1AFDADCC006D2D4F /* Info.plist */ = {isa = PBXFileReference; lastKnownFileType = text.plist.xml; path = Info.plist; sourceTree = "<group>"; };
		CFDC58BB1AFDADCC006D2D4F /* AppDelegate.swift */ = {isa = PBXFileReference; lastKnownFileType = sourcecode.swift; path = AppDelegate.swift; sourceTree = "<group>"; };
		CFDC58BE1AFDADCC006D2D4F /* ETodoList.xcdatamodel */ = {isa = PBXFileReference; lastKnownFileType = wrapper.xcdatamodel; path = ETodoList.xcdatamodel; sourceTree = "<group>"; };
		CFDC58C01AFDADCC006D2D4F /* ETodoListViewController.swift */ = {isa = PBXFileReference; lastKnownFileType = sourcecode.swift; path = ETodoListViewController.swift; sourceTree = "<group>"; };
		CFDC58C31AFDADCC006D2D4F /* Base */ = {isa = PBXFileReference; lastKnownFileType = file.storyboard; name = Base; path = Base.lproj/Main.storyboard; sourceTree = "<group>"; };
		CFDC58C51AFDADCC006D2D4F /* Images.xcassets */ = {isa = PBXFileReference; lastKnownFileType = folder.assetcatalog; path = Images.xcassets; sourceTree = "<group>"; };
		CFDC58C81AFDADCC006D2D4F /* Base */ = {isa = PBXFileReference; lastKnownFileType = file.xib; name = Base; path = Base.lproj/LaunchScreen.xib; sourceTree = "<group>"; };
		CFDC58CE1AFDADCC006D2D4F /* ETodoListTests.xctest */ = {isa = PBXFileReference; explicitFileType = wrapper.cfbundle; includeInIndex = 0; path = ETodoListTests.xctest; sourceTree = BUILT_PRODUCTS_DIR; };
		CFDC58D31AFDADCC006D2D4F /* Info.plist */ = {isa = PBXFileReference; lastKnownFileType = text.plist.xml; path = Info.plist; sourceTree = "<group>"; };
		CFDC58D41AFDADCC006D2D4F /* ETodoListTests.swift */ = {isa = PBXFileReference; lastKnownFileType = sourcecode.swift; path = ETodoListTests.swift; sourceTree = "<group>"; };
		CFDC58E01AFEDF75006D2D4F /* TodoListItem.swift */ = {isa = PBXFileReference; fileEncoding = 4; lastKnownFileType = sourcecode.swift; path = TodoListItem.swift; sourceTree = "<group>"; };
		CFDC58E31AFF5EDF006D2D4F /* AddItemViewController.swift */ = {isa = PBXFileReference; fileEncoding = 4; lastKnownFileType = sourcecode.swift; path = AddItemViewController.swift; sourceTree = "<group>"; };
/* End PBXFileReference section */

/* Begin PBXFrameworksBuildPhase section */
		CFDC58B31AFDADCC006D2D4F /* Frameworks */ = {
			isa = PBXFrameworksBuildPhase;
			buildActionMask = 2147483647;
			files = (
			);
			runOnlyForDeploymentPostprocessing = 0;
		};
		CFDC58CB1AFDADCC006D2D4F /* Frameworks */ = {
			isa = PBXFrameworksBuildPhase;
			buildActionMask = 2147483647;
			files = (
			);
			runOnlyForDeploymentPostprocessing = 0;
		};
/* End PBXFrameworksBuildPhase section */

/* Begin PBXGroup section */
		CFDC58AD1AFDADCC006D2D4F = {
			isa = PBXGroup;
			children = (
				CFDC58B81AFDADCC006D2D4F /* ETodoList */,
				CFDC58D11AFDADCC006D2D4F /* ETodoListTests */,
				CFDC58B71AFDADCC006D2D4F /* Products */,
			);
			sourceTree = "<group>";
		};
		CFDC58B71AFDADCC006D2D4F /* Products */ = {
			isa = PBXGroup;
			children = (
				CFDC58B61AFDADCC006D2D4F /* ETodoList.app */,
				CFDC58CE1AFDADCC006D2D4F /* ETodoListTests.xctest */,
			);
			name = Products;
			sourceTree = "<group>";
		};
		CFDC58B81AFDADCC006D2D4F /* ETodoList */ = {
			isa = PBXGroup;
			children = (
				CFDC58E21AFF5E9D006D2D4F /* ViewControllers */,
				CFDC58DF1AFEDF3D006D2D4F /* Models */,
				CFDC58BB1AFDADCC006D2D4F /* AppDelegate.swift */,
				CFDC58C21AFDADCC006D2D4F /* Main.storyboard */,
				CFDC58C51AFDADCC006D2D4F /* Images.xcassets */,
				CFDC58C71AFDADCC006D2D4F /* LaunchScreen.xib */,
				CFDC58BD1AFDADCC006D2D4F /* ETodoList.xcdatamodeld */,
				CFDC58B91AFDADCC006D2D4F /* Supporting Files */,
			);
			path = ETodoList;
			sourceTree = "<group>";
		};
		CFDC58B91AFDADCC006D2D4F /* Supporting Files */ = {
			isa = PBXGroup;
			children = (
				CFDC58BA1AFDADCC006D2D4F /* Info.plist */,
			);
			name = "Supporting Files";
			sourceTree = "<group>";
		};
		CFDC58D11AFDADCC006D2D4F /* ETodoListTests */ = {
			isa = PBXGroup;
			children = (
				CFDC58D41AFDADCC006D2D4F /* ETodoListTests.swift */,
				CFDC58D21AFDADCC006D2D4F /* Supporting Files */,
			);
			path = ETodoListTests;
			sourceTree = "<group>";
		};
		CFDC58D21AFDADCC006D2D4F /* Supporting Files */ = {
			isa = PBXGroup;
			children = (
				CFDC58D31AFDADCC006D2D4F /* Info.plist */,
			);
			name = "Supporting Files";
			sourceTree = "<group>";
		};
		CFDC58DF1AFEDF3D006D2D4F /* Models */ = {
			isa = PBXGroup;
			children = (
				CFDC58E01AFEDF75006D2D4F /* TodoListItem.swift */,
				CFD8C7B81B16A33200D6D047 /* TodoList.swift */,
				CF95991A1B7A4426004F1F13 /* DataModel.swift */,
			);
			name = Models;
			sourceTree = "<group>";
		};
		CFDC58E21AFF5E9D006D2D4F /* ViewControllers */ = {
			isa = PBXGroup;
			children = (
				CFDC58C01AFDADCC006D2D4F /* ETodoListViewController.swift */,
				CFDC58E31AFF5EDF006D2D4F /* AddItemViewController.swift */,
				CFD8C7B61B1605C000D6D047 /* AllTodoListsViewController.swift */,
				CF9599181B775AB8004F1F13 /* AllListDetailViewController.swift */,
				CF95991C1B7CE32D004F1F13 /* IconPickerViewController.swift */,
			);
			name = ViewControllers;
			sourceTree = "<group>";
		};
/* End PBXGroup section */

/* Begin PBXNativeTarget section */
		CFDC58B51AFDADCC006D2D4F /* ETodoList */ = {
			isa = PBXNativeTarget;
			buildConfigurationList = CFDC58D81AFDADCC006D2D4F /* Build configuration list for PBXNativeTarget "ETodoList" */;
			buildPhases = (
				CFDC58B21AFDADCC006D2D4F /* Sources */,
				CFDC58B31AFDADCC006D2D4F /* Frameworks */,
				CFDC58B41AFDADCC006D2D4F /* Resources */,
			);
			buildRules = (
			);
			dependencies = (
			);
			name = ETodoList;
			productName = ETodoList;
			productReference = CFDC58B61AFDADCC006D2D4F /* ETodoList.app */;
			productType = "com.apple.product-type.application";
		};
		CFDC58CD1AFDADCC006D2D4F /* ETodoListTests */ = {
			isa = PBXNativeTarget;
			buildConfigurationList = CFDC58DB1AFDADCC006D2D4F /* Build configuration list for PBXNativeTarget "ETodoListTests" */;
			buildPhases = (
				CFDC58CA1AFDADCC006D2D4F /* Sources */,
				CFDC58CB1AFDADCC006D2D4F /* Frameworks */,
				CFDC58CC1AFDADCC006D2D4F /* Resources */,
			);
			buildRules = (
			);
			dependencies = (
				CFDC58D01AFDADCC006D2D4F /* PBXTargetDependency */,
			);
			name = ETodoListTests;
			productName = ETodoListTests;
			productReference = CFDC58CE1AFDADCC006D2D4F /* ETodoListTests.xctest */;
			productType = "com.apple.product-type.bundle.unit-test";
		};
/* End PBXNativeTarget section */

/* Begin PBXProject section */
		CFDC58AE1AFDADCC006D2D4F /* Project object */ = {
			isa = PBXProject;
			attributes = {
				LastUpgradeCheck = 0630;
				ORGANIZATIONNAME = "Wenhui Zhao";
				TargetAttributes = {
					CFDC58B51AFDADCC006D2D4F = {
						CreatedOnToolsVersion = 6.3.1;
					};
					CFDC58CD1AFDADCC006D2D4F = {
						CreatedOnToolsVersion = 6.3.1;
						TestTargetID = CFDC58B51AFDADCC006D2D4F;
					};
				};
			};
			buildConfigurationList = CFDC58B11AFDADCC006D2D4F /* Build configuration list for PBXProject "ETodoList" */;
			compatibilityVersion = "Xcode 3.2";
			developmentRegion = English;
			hasScannedForEncodings = 0;
			knownRegions = (
				en,
				Base,
			);
			mainGroup = CFDC58AD1AFDADCC006D2D4F;
			productRefGroup = CFDC58B71AFDADCC006D2D4F /* Products */;
			projectDirPath = "";
			projectRoot = "";
			targets = (
				CFDC58B51AFDADCC006D2D4F /* ETodoList */,
				CFDC58CD1AFDADCC006D2D4F /* ETodoListTests */,
			);
		};
/* End PBXProject section */

/* Begin PBXResourcesBuildPhase section */
		CFDC58B41AFDADCC006D2D4F /* Resources */ = {
			isa = PBXResourcesBuildPhase;
			buildActionMask = 2147483647;
			files = (
				CFDC58C41AFDADCC006D2D4F /* Main.storyboard in Resources */,
				CFDC58C91AFDADCC006D2D4F /* LaunchScreen.xib in Resources */,
				CFDC58C61AFDADCC006D2D4F /* Images.xcassets in Resources */,
			);
			runOnlyForDeploymentPostprocessing = 0;
		};
		CFDC58CC1AFDADCC006D2D4F /* Resources */ = {
			isa = PBXResourcesBuildPhase;
			buildActionMask = 2147483647;
			files = (
			);
			runOnlyForDeploymentPostprocessing = 0;
		};
/* End PBXResourcesBuildPhase section */

/* Begin PBXSourcesBuildPhase section */
		CFDC58B21AFDADCC006D2D4F /* Sources */ = {
			isa = PBXSourcesBuildPhase;
			buildActionMask = 2147483647;
			files = (
				CFD8C7B71B1605C000D6D047 /* AllTodoListsViewController.swift in Sources */,
				CF9599191B775AB8004F1F13 /* AllListDetailViewController.swift in Sources */,
				CFD8C7B91B16A33200D6D047 /* TodoList.swift in Sources */,
				CF95991D1B7CE32D004F1F13 /* IconPickerViewController.swift in Sources */,
				CFDC58E41AFF5EDF006D2D4F /* AddItemViewController.swift in Sources */,
				CFDC58C11AFDADCC006D2D4F /* ETodoListViewController.swift in Sources */,
				CFDC58E11AFEDF75006D2D4F /* TodoListItem.swift in Sources */,
				CFDC58BC1AFDADCC006D2D4F /* AppDelegate.swift in Sources */,
				CFDC58BF1AFDADCC006D2D4F /* ETodoList.xcdatamodeld in Sources */,
				CF95991B1B7A4426004F1F13 /* DataModel.swift in Sources */,
			);
			runOnlyForDeploymentPostprocessing = 0;
		};
		CFDC58CA1AFDADCC006D2D4F /* Sources */ = {
			isa = PBXSourcesBuildPhase;
			buildActionMask = 2147483647;
			files = (
				CFDC58D51AFDADCC006D2D4F /* ETodoListTests.swift in Sources */,
			);
			runOnlyForDeploymentPostprocessing = 0;
		};
/* End PBXSourcesBuildPhase section */

/* Begin PBXTargetDependency section */
		CFDC58D01AFDADCC006D2D4F /* PBXTargetDependency */ = {
			isa = PBXTargetDependency;
			target = CFDC58B51AFDADCC006D2D4F /* ETodoList */;
			targetProxy = CFDC58CF1AFDADCC006D2D4F /* PBXContainerItemProxy */;
		};
/* End PBXTargetDependency section */

/* Begin PBXVariantGroup section */
		CFDC58C21AFDADCC006D2D4F /* Main.storyboard */ = {
			isa = PBXVariantGroup;
			children = (
				CFDC58C31AFDADCC006D2D4F /* Base */,
			);
			name = Main.storyboard;
			sourceTree = "<group>";
		};
		CFDC58C71AFDADCC006D2D4F /* LaunchScreen.xib */ = {
			isa = PBXVariantGroup;
			children = (
				CFDC58C81AFDADCC006D2D4F /* Base */,
			);
			name = LaunchScreen.xib;
			sourceTree = "<group>";
		};
/* End PBXVariantGroup section */

/* Begin XCBuildConfiguration section */
		CFDC58D61AFDADCC006D2D4F /* Debug */ = {
			isa = XCBuildConfiguration;
			buildSettings = {
				ALWAYS_SEARCH_USER_PATHS = NO;
				CLANG_CXX_LANGUAGE_STANDARD = "gnu++0x";
				CLANG_CXX_LIBRARY = "libc++";
				CLANG_ENABLE_MODULES = YES;
				CLANG_ENABLE_OBJC_ARC = YES;
				CLANG_WARN_BOOL_CONVERSION = YES;
				CLANG_WARN_CONSTANT_CONVERSION = YES;
				CLANG_WARN_DIRECT_OBJC_ISA_USAGE = YES_ERROR;
				CLANG_WARN_EMPTY_BODY = YES;
				CLANG_WARN_ENUM_CONVERSION = YES;
				CLANG_WARN_INT_CONVERSION = YES;
				CLANG_WARN_OBJC_ROOT_CLASS = YES_ERROR;
				CLANG_WARN_UNREACHABLE_CODE = YES;
				CLANG_WARN__DUPLICATE_METHOD_MATCH = YES;
				"CODE_SIGN_IDENTITY[sdk=iphoneos*]" = "iPhone Developer";
				COPY_PHASE_STRIP = NO;
				DEBUG_INFORMATION_FORMAT = "dwarf-with-dsym";
				ENABLE_STRICT_OBJC_MSGSEND = YES;
				GCC_C_LANGUAGE_STANDARD = gnu99;
				GCC_DYNAMIC_NO_PIC = NO;
				GCC_NO_COMMON_BLOCKS = YES;
				GCC_OPTIMIZATION_LEVEL = 0;
				GCC_PREPROCESSOR_DEFINITIONS = (
					"DEBUG=1",
					"$(inherited)",
				);
				GCC_SYMBOLS_PRIVATE_EXTERN = NO;
				GCC_WARN_64_TO_32_BIT_CONVERSION = YES;
				GCC_WARN_ABOUT_RETURN_TYPE = YES_ERROR;
				GCC_WARN_UNDECLARED_SELECTOR = YES;
				GCC_WARN_UNINITIALIZED_AUTOS = YES_AGGRESSIVE;
				GCC_WARN_UNUSED_FUNCTION = YES;
				GCC_WARN_UNUSED_VARIABLE = YES;
				IPHONEOS_DEPLOYMENT_TARGET = 8.3;
				MTL_ENABLE_DEBUG_INFO = YES;
				ONLY_ACTIVE_ARCH = YES;
				SDKROOT = iphoneos;
				SWIFT_OPTIMIZATION_LEVEL = "-Onone";
				TARGETED_DEVICE_FAMILY = "1,2";
			};
			name = Debug;
		};
		CFDC58D71AFDADCC006D2D4F /* Release */ = {
			isa = XCBuildConfiguration;
			buildSettings = {
				ALWAYS_SEARCH_USER_PATHS = NO;
				CLANG_CXX_LANGUAGE_STANDARD = "gnu++0x";
				CLANG_CXX_LIBRARY = "libc++";
				CLANG_ENABLE_MODULES = YES;
				CLANG_ENABLE_OBJC_ARC = YES;
				CLANG_WARN_BOOL_CONVERSION = YES;
				CLANG_WARN_CONSTANT_CONVERSION = YES;
				CLANG_WARN_DIRECT_OBJC_ISA_USAGE = YES_ERROR;
				CLANG_WARN_EMPTY_BODY = YES;
				CLANG_WARN_ENUM_CONVERSION = YES;
				CLANG_WARN_INT_CONVERSION = YES;
				CLANG_WARN_OBJC_ROOT_CLASS = YES_ERROR;
				CLANG_WARN_UNREACHABLE_CODE = YES;
				CLANG_WARN__DUPLICATE_METHOD_MATCH = YES;
				"CODE_SIGN_IDENTITY[sdk=iphoneos*]" = "iPhone Developer";
				COPY_PHASE_STRIP = NO;
				DEBUG_INFORMATION_FORMAT = "dwarf-with-dsym";
				ENABLE_NS_ASSERTIONS = NO;
				ENABLE_STRICT_OBJC_MSGSEND = YES;
				GCC_C_LANGUAGE_STANDARD = gnu99;
				GCC_NO_COMMON_BLOCKS = YES;
				GCC_WARN_64_TO_32_BIT_CONVERSION = YES;
				GCC_WARN_ABOUT_RETURN_TYPE = YES_ERROR;
				GCC_WARN_UNDECLARED_SELECTOR = YES;
				GCC_WARN_UNINITIALIZED_AUTOS = YES_AGGRESSIVE;
				GCC_WARN_UNUSED_FUNCTION = YES;
				GCC_WARN_UNUSED_VARIABLE = YES;
				IPHONEOS_DEPLOYMENT_TARGET = 8.3;
				MTL_ENABLE_DEBUG_INFO = NO;
				SDKROOT = iphoneos;
				TARGETED_DEVICE_FAMILY = "1,2";
				VALIDATE_PRODUCT = YES;
			};
			name = Release;
		};
		CFDC58D91AFDADCC006D2D4F /* Debug */ = {
			isa = XCBuildConfiguration;
			buildSettings = {
				ASSETCATALOG_COMPILER_APPICON_NAME = AppIcon;
				INFOPLIST_FILE = ETodoList/Info.plist;
				LD_RUNPATH_SEARCH_PATHS = "$(inherited) @executable_path/Frameworks";
				PRODUCT_NAME = "$(TARGET_NAME)";
			};
			name = Debug;
		};
		CFDC58DA1AFDADCC006D2D4F /* Release */ = {
			isa = XCBuildConfiguration;
			buildSettings = {
				ASSETCATALOG_COMPILER_APPICON_NAME = AppIcon;
				INFOPLIST_FILE = ETodoList/Info.plist;
				LD_RUNPATH_SEARCH_PATHS = "$(inherited) @executable_path/Frameworks";
				PRODUCT_NAME = "$(TARGET_NAME)";
			};
			name = Release;
		};
		CFDC58DC1AFDADCC006D2D4F /* Debug */ = {
			isa = XCBuildConfiguration;
			buildSettings = {
				BUNDLE_LOADER = "$(TEST_HOST)";
				FRAMEWORK_SEARCH_PATHS = (
					"$(SDKROOT)/Developer/Library/Frameworks",
					"$(inherited)",
				);
				GCC_PREPROCESSOR_DEFINITIONS = (
					"DEBUG=1",
					"$(inherited)",
				);
				INFOPLIST_FILE = ETodoListTests/Info.plist;
				LD_RUNPATH_SEARCH_PATHS = "$(inherited) @executable_path/Frameworks @loader_path/Frameworks";
				PRODUCT_NAME = "$(TARGET_NAME)";
				TEST_HOST = "$(BUILT_PRODUCTS_DIR)/ETodoList.app/ETodoList";
			};
			name = Debug;
		};
		CFDC58DD1AFDADCC006D2D4F /* Release */ = {
			isa = XCBuildConfiguration;
			buildSettings = {
				BUNDLE_LOADER = "$(TEST_HOST)";
				FRAMEWORK_SEARCH_PATHS = (
					"$(SDKROOT)/Developer/Library/Frameworks",
					"$(inherited)",
				);
				INFOPLIST_FILE = ETodoListTests/Info.plist;
				LD_RUNPATH_SEARCH_PATHS = "$(inherited) @executable_path/Frameworks @loader_path/Frameworks";
				PRODUCT_NAME = "$(TARGET_NAME)";
				TEST_HOST = "$(BUILT_PRODUCTS_DIR)/ETodoList.app/ETodoList";
			};
			name = Release;
		};
/* End XCBuildConfiguration section */

/* Begin XCConfigurationList section */
		CFDC58B11AFDADCC006D2D4F /* Build configuration list for PBXProject "ETodoList" */ = {
			isa = XCConfigurationList;
			buildConfigurations = (
				CFDC58D61AFDADCC006D2D4F /* Debug */,
				CFDC58D71AFDADCC006D2D4F /* Release */,
			);
			defaultConfigurationIsVisible = 0;
			defaultConfigurationName = Release;
		};
		CFDC58D81AFDADCC006D2D4F /* Build configuration list for PBXNativeTarget "ETodoList" */ = {
			isa = XCConfigurationList;
			buildConfigurations = (
				CFDC58D91AFDADCC006D2D4F /* Debug */,
				CFDC58DA1AFDADCC006D2D4F /* Release */,
			);
			defaultConfigurationIsVisible = 0;
			defaultConfigurationName = Release;
		};
		CFDC58DB1AFDADCC006D2D4F /* Build configuration list for PBXNativeTarget "ETodoListTests" */ = {
			isa = XCConfigurationList;
			buildConfigurations = (
				CFDC58DC1AFDADCC006D2D4F /* Debug */,
				CFDC58DD1AFDADCC006D2D4F /* Release */,
			);
			defaultConfigurationIsVisible = 0;
			defaultConfigurationName = Release;
		};
/* End XCConfigurationList section */

/* Begin XCVersionGroup section */
		CFDC58BD1AFDADCC006D2D4F /* ETodoList.xcdatamodeld */ = {
			isa = XCVersionGroup;
			children = (
				CFDC58BE1AFDADCC006D2D4F /* ETodoList.xcdatamodel */,
			);
			currentVersion = CFDC58BE1AFDADCC006D2D4F /* ETodoList.xcdatamodel */;
			path = ETodoList.xcdatamodeld;
			sourceTree = "<group>";
			versionGroupType = wrapper.xcdatamodel;
		};
/* End XCVersionGroup section */
	};
	rootObject = CFDC58AE1AFDADCC006D2D4F /* Project object */;
}
